
Microsoft Visual Studio Solution File, Format Version 12.00
# Visual Studio Version 17
VisualStudioVersion = 17.0.31919.166
MinimumVisualStudioVersion = 10.0.40219.1
Project("{FAE04EC0-301F-11D3-BF4B-00C04F79EFBC}") = "ConsoleApp1", "ConsoleApp1\ConsoleApp1.csproj", "{333DA657-0489-451A-989B-C3EEB6E0798B}"
EndProject
Global
	GlobalSection(SolutionConfigurationPlatforms) = preSolution
		Debug|Any CPU = Debug|Any CPU
		Release|Any CPU = Release|Any CPU
	EndGlobalSection
	GlobalSection(ProjectConfigurationPlatforms) = postSolution
		{333DA657-0489-451A-989B-C3EEB6E0798B}.Debug|Any CPU.ActiveCfg = Debug|Any CPU
		{333DA657-0489-451A-989B-C3EEB6E0798B}.Debug|Any CPU.Build.0 = Debug|Any CPU
		{333DA657-0489-451A-989B-C3EEB6E0798B}.Release|Any CPU.ActiveCfg = Release|Any CPU
		{333DA657-0489-451A-989B-C3EEB6E0798B}.Release|Any CPU.Build.0 = Release|Any CPU
	EndGlobalSection
	GlobalSection(SolutionProperties) = preSolution
		HideSolutionNode = FALSE
	EndGlobalSection
	GlobalSection(ExtensibilityGlobals) = postSolution
		SolutionGuid = {4C133F64-F770-4BB4-B843-20D955B372B0}
	EndGlobalSection
EndGlobal
